
Microsoft Visual Studio Solution File, Format Version 12.00
# Visual Studio Version 16
VisualStudioVersion = 16.0.29215.179
MinimumVisualStudioVersion = 10.0.40219.1
Project("{9A19103F-16F7-4668-BE54-9A1E7A4F7556}") = "lib61850", "lib61850\lib61850.csproj", "{DB9DCC87-A7AF-43A1-9B27-940A145ACEF7}"
EndProject
Project("{FAE04EC0-301F-11D3-BF4B-00C04F79EFBC}") = "read61850", "read61850\read61850.csproj", "{25667A82-0197-4D6C-90F1-0B4C59FF4927}"
EndProject
Global
	GlobalSection(SolutionConfigurationPlatforms) = preSolution
		Debug|Any CPU = Debug|Any CPU
		Release|Any CPU = Release|Any CPU
	EndGlobalSection
	GlobalSection(ProjectConfigurationPlatforms) = postSolution
		{DB9DCC87-A7AF-43A1-9B27-940A145ACEF7}.Debug|Any CPU.ActiveCfg = Debug|Any CPU
		{DB9DCC87-A7AF-43A1-9B27-940A145ACEF7}.Debug|Any CPU.Build.0 = Debug|Any CPU
		{DB9DCC87-A7AF-43A1-9B27-940A145ACEF7}.Release|Any CPU.ActiveCfg = Release|Any CPU
		{DB9DCC87-A7AF-43A1-9B27-940A145ACEF7}.Release|Any CPU.Build.0 = Release|Any CPU
		{25667A82-0197-4D6C-90F1-0B4C59FF4927}.Debug|Any CPU.ActiveCfg = Debug|Any CPU
		{25667A82-0197-4D6C-90F1-0B4C59FF4927}.Debug|Any CPU.Build.0 = Debug|Any CPU
		{25667A82-0197-4D6C-90F1-0B4C59FF4927}.Release|Any CPU.ActiveCfg = Release|Any CPU
		{25667A82-0197-4D6C-90F1-0B4C59FF4927}.Release|Any CPU.Build.0 = Release|Any CPU
	EndGlobalSection
	GlobalSection(SolutionProperties) = preSolution
		HideSolutionNode = FALSE
	EndGlobalSection
	GlobalSection(ExtensibilityGlobals) = postSolution
		SolutionGuid = {4D9CEBEA-9FB1-47E9-BED1-37E955E47E71}
	EndGlobalSection
EndGlobal
